// !$*UTF8*$!
{
	archiveVersion = 1;
	classes = {
	};
	objectVersion = 48;
	objects = {

/* Begin PBXBuildFile section */
		A269927B1FD94D0100E5542C /* STLanguageTool.m in Sources */ = {isa = PBXBuildFile; fileRef = A269927A1FD94D0100E5542C /* STLanguageTool.m */; };
		A269928D1FD94D9B00E5542C /* Localizable.strings in Resources */ = {isa = PBXBuildFile; fileRef = A26992831FD94D9B00E5542C /* Localizable.strings */; };
		A269928E1FD94D9B00E5542C /* InfoPlist.strings in Resources */ = {isa = PBXBuildFile; fileRef = A26992851FD94D9B00E5542C /* InfoPlist.strings */; };
		A269928F1FD94D9B00E5542C /* Assets.xcassets in Resources */ = {isa = PBXBuildFile; fileRef = A26992891FD94D9B00E5542C /* Assets.xcassets */; };
		A26992921FD94E2A00E5542C /* Info.plist in Resources */ = {isa = PBXBuildFile; fileRef = A26992911FD94E2A00E5542C /* Info.plist */; };
		A291BF041FD91269009233C9 /* SecondViewController.m in Sources */ = {isa = PBXBuildFile; fileRef = A291BF031FD91269009233C9 /* SecondViewController.m */; };
		A297EA0B1FD7D9DC004FA60B /* AppDelegate.m in Sources */ = {isa = PBXBuildFile; fileRef = A297EA0A1FD7D9DC004FA60B /* AppDelegate.m */; };
		A297EA0E1FD7D9DC004FA60B /* ViewController.m in Sources */ = {isa = PBXBuildFile; fileRef = A297EA0D1FD7D9DC004FA60B /* ViewController.m */; };
		A297EA111FD7D9DC004FA60B /* Main.storyboard in Resources */ = {isa = PBXBuildFile; fileRef = A297EA0F1FD7D9DC004FA60B /* Main.storyboard */; };
		A297EA161FD7D9DC004FA60B /* LaunchScreen.storyboard in Resources */ = {isa = PBXBuildFile; fileRef = A297EA141FD7D9DC004FA60B /* LaunchScreen.storyboard */; };
		A297EA191FD7D9DC004FA60B /* main.m in Sources */ = {isa = PBXBuildFile; fileRef = A297EA181FD7D9DC004FA60B /* main.m */; };
		A297EA231FD7D9DC004FA60B /* MultilingualTests.m in Sources */ = {isa = PBXBuildFile; fileRef = A297EA221FD7D9DC004FA60B /* MultilingualTests.m */; };
		A297EA2E1FD7D9DC004FA60B /* MultilingualUITests.m in Sources */ = {isa = PBXBuildFile; fileRef = A297EA2D1FD7D9DC004FA60B /* MultilingualUITests.m */; };
/* End PBXBuildFile section */

/* Begin PBXContainerItemProxy section */
		A297EA1F1FD7D9DC004FA60B /* PBXContainerItemProxy */ = {
			isa = PBXContainerItemProxy;
			containerPortal = A297E9FE1FD7D9DC004FA60B /* Project object */;
			proxyType = 1;
			remoteGlobalIDString = A297EA051FD7D9DC004FA60B;
			remoteInfo = Multilingual;
		};
		A297EA2A1FD7D9DC004FA60B /* PBXContainerItemProxy */ = {
			isa = PBXContainerItemProxy;
			containerPortal = A297E9FE1FD7D9DC004FA60B /* Project object */;
			proxyType = 1;
			remoteGlobalIDString = A297EA051FD7D9DC004FA60B;
			remoteInfo = Multilingual;
		};
/* End PBXContainerItemProxy section */

/* Begin PBXFileReference section */
		A26992791FD94D0100E5542C /* STLanguageTool.h */ = {isa = PBXFileReference; fileEncoding = 4; lastKnownFileType = sourcecode.c.h; path = STLanguageTool.h; sourceTree = "<group>"; };
		A269927A1FD94D0100E5542C /* STLanguageTool.m */ = {isa = PBXFileReference; fileEncoding = 4; lastKnownFileType = sourcecode.c.objc; path = STLanguageTool.m; sourceTree = "<group>"; };
		A26992841FD94D9B00E5542C /* zh-Hans */ = {isa = PBXFileReference; lastKnownFileType = text.plist.strings; name = "zh-Hans"; path = "zh-Hans.lproj/Localizable.strings"; sourceTree = "<group>"; };
		A26992861FD94D9B00E5542C /* zh-Hans */ = {isa = PBXFileReference; lastKnownFileType = text.plist.strings; name = "zh-Hans"; path = "zh-Hans.lproj/InfoPlist.strings"; sourceTree = "<group>"; };
		A26992871FD94D9B00E5542C /* en */ = {isa = PBXFileReference; lastKnownFileType = text.plist.strings; name = en; path = en.lproj/Localizable.strings; sourceTree = "<group>"; };
		A26992881FD94D9B00E5542C /* en */ = {isa = PBXFileReference; lastKnownFileType = text.plist.strings; name = en; path = en.lproj/InfoPlist.strings; sourceTree = "<group>"; };
		A26992891FD94D9B00E5542C /* Assets.xcassets */ = {isa = PBXFileReference; lastKnownFileType = folder.assetcatalog; path = Assets.xcassets; sourceTree = "<group>"; };
		A269928A1FD94D9B00E5542C /* zh-Hant */ = {isa = PBXFileReference; lastKnownFileType = text.plist.strings; name = "zh-Hant"; path = "zh-Hant.lproj/Localizable.strings"; sourceTree = "<group>"; };
		A269928B1FD94D9B00E5542C /* zh-Hant */ = {isa = PBXFileReference; lastKnownFileType = text.plist.strings; name = "zh-Hant"; path = "zh-Hant.lproj/InfoPlist.strings"; sourceTree = "<group>"; };
		A26992911FD94E2A00E5542C /* Info.plist */ = {isa = PBXFileReference; fileEncoding = 4; lastKnownFileType = text.plist.xml; path = Info.plist; sourceTree = "<group>"; };
		A291BF021FD91269009233C9 /* SecondViewController.h */ = {isa = PBXFileReference; lastKnownFileType = sourcecode.c.h; path = SecondViewController.h; sourceTree = "<group>"; };
		A291BF031FD91269009233C9 /* SecondViewController.m */ = {isa = PBXFileReference; lastKnownFileType = sourcecode.c.objc; path = SecondViewController.m; sourceTree = "<group>"; };
		A297EA061FD7D9DC004FA60B /* Multilingual.app */ = {isa = PBXFileReference; explicitFileType = wrapper.application; includeInIndex = 0; path = Multilingual.app; sourceTree = BUILT_PRODUCTS_DIR; };
		A297EA091FD7D9DC004FA60B /* AppDelegate.h */ = {isa = PBXFileReference; lastKnownFileType = sourcecode.c.h; path = AppDelegate.h; sourceTree = "<group>"; };
		A297EA0A1FD7D9DC004FA60B /* AppDelegate.m */ = {isa = PBXFileReference; lastKnownFileType = sourcecode.c.objc; path = AppDelegate.m; sourceTree = "<group>"; };
		A297EA0C1FD7D9DC004FA60B /* ViewController.h */ = {isa = PBXFileReference; lastKnownFileType = sourcecode.c.h; path = ViewController.h; sourceTree = "<group>"; };
		A297EA0D1FD7D9DC004FA60B /* ViewController.m */ = {isa = PBXFileReference; lastKnownFileType = sourcecode.c.objc; path = ViewController.m; sourceTree = "<group>"; };
		A297EA101FD7D9DC004FA60B /* Base */ = {isa = PBXFileReference; lastKnownFileType = file.storyboard; name = Base; path = Base.lproj/Main.storyboard; sourceTree = "<group>"; };
		A297EA151FD7D9DC004FA60B /* Base */ = {isa = PBXFileReference; lastKnownFileType = file.storyboard; name = Base; path = Base.lproj/LaunchScreen.storyboard; sourceTree = "<group>"; };
		A297EA181FD7D9DC004FA60B /* main.m */ = {isa = PBXFileReference; lastKnownFileType = sourcecode.c.objc; path = main.m; sourceTree = "<group>"; };
		A297EA1E1FD7D9DC004FA60B /* MultilingualTests.xctest */ = {isa = PBXFileReference; explicitFileType = wrapper.cfbundle; includeInIndex = 0; path = MultilingualTests.xctest; sourceTree = BUILT_PRODUCTS_DIR; };
		A297EA221FD7D9DC004FA60B /* MultilingualTests.m */ = {isa = PBXFileReference; lastKnownFileType = sourcecode.c.objc; path = MultilingualTests.m; sourceTree = "<group>"; };
		A297EA241FD7D9DC004FA60B /* Info.plist */ = {isa = PBXFileReference; lastKnownFileType = text.plist.xml; path = Info.plist; sourceTree = "<group>"; };
		A297EA291FD7D9DC004FA60B /* MultilingualUITests.xctest */ = {isa = PBXFileReference; explicitFileType = wrapper.cfbundle; includeInIndex = 0; path = MultilingualUITests.xctest; sourceTree = BUILT_PRODUCTS_DIR; };
		A297EA2D1FD7D9DC004FA60B /* MultilingualUITests.m */ = {isa = PBXFileReference; lastKnownFileType = sourcecode.c.objc; path = MultilingualUITests.m; sourceTree = "<group>"; };
		A297EA2F1FD7D9DC004FA60B /* Info.plist */ = {isa = PBXFileReference; lastKnownFileType = text.plist.xml; path = Info.plist; sourceTree = "<group>"; };
/* End PBXFileReference section */

/* Begin PBXFrameworksBuildPhase section */
		A297EA031FD7D9DC004FA60B /* Frameworks */ = {
			isa = PBXFrameworksBuildPhase;
			buildActionMask = 2147483647;
			files = (
			);
			runOnlyForDeploymentPostprocessing = 0;
		};
		A297EA1B1FD7D9DC004FA60B /* Frameworks */ = {
			isa = PBXFrameworksBuildPhase;
			buildActionMask = 2147483647;
			files = (
			);
			runOnlyForDeploymentPostprocessing = 0;
		};
		A297EA261FD7D9DC004FA60B /* Frameworks */ = {
			isa = PBXFrameworksBuildPhase;
			buildActionMask = 2147483647;
			files = (
			);
			runOnlyForDeploymentPostprocessing = 0;
		};
/* End PBXFrameworksBuildPhase section */

/* Begin PBXGroup section */
		A26992781FD94D0100E5542C /* STLangTool */ = {
			isa = PBXGroup;
			children = (
				A26992791FD94D0100E5542C /* STLanguageTool.h */,
				A269927A1FD94D0100E5542C /* STLanguageTool.m */,
			);
			path = STLangTool;
			sourceTree = "<group>";
		};
		A26992821FD94D9B00E5542C /* SupportingFiles */ = {
			isa = PBXGroup;
			children = (
				A26992831FD94D9B00E5542C /* Localizable.strings */,
				A26992851FD94D9B00E5542C /* InfoPlist.strings */,
				A26992891FD94D9B00E5542C /* Assets.xcassets */,
			);
			path = SupportingFiles;
			sourceTree = "<group>";
		};
		A297E9FD1FD7D9DC004FA60B = {
			isa = PBXGroup;
			children = (
				A297EA081FD7D9DC004FA60B /* Multilingual */,
				A297EA211FD7D9DC004FA60B /* MultilingualTests */,
				A297EA2C1FD7D9DC004FA60B /* MultilingualUITests */,
				A297EA071FD7D9DC004FA60B /* Products */,
			);
			sourceTree = "<group>";
		};
		A297EA071FD7D9DC004FA60B /* Products */ = {
			isa = PBXGroup;
			children = (
				A297EA061FD7D9DC004FA60B /* Multilingual.app */,
				A297EA1E1FD7D9DC004FA60B /* MultilingualTests.xctest */,
				A297EA291FD7D9DC004FA60B /* MultilingualUITests.xctest */,
			);
			name = Products;
			sourceTree = "<group>";
		};
		A297EA081FD7D9DC004FA60B /* Multilingual */ = {
			isa = PBXGroup;
			children = (
				A26992911FD94E2A00E5542C /* Info.plist */,
				A26992821FD94D9B00E5542C /* SupportingFiles */,
				A26992781FD94D0100E5542C /* STLangTool */,
				A297EA091FD7D9DC004FA60B /* AppDelegate.h */,
				A297EA0A1FD7D9DC004FA60B /* AppDelegate.m */,
				A297EA0C1FD7D9DC004FA60B /* ViewController.h */,
				A297EA0D1FD7D9DC004FA60B /* ViewController.m */,
				A291BF021FD91269009233C9 /* SecondViewController.h */,
				A291BF031FD91269009233C9 /* SecondViewController.m */,
				A297EA0F1FD7D9DC004FA60B /* Main.storyboard */,
				A297EA141FD7D9DC004FA60B /* LaunchScreen.storyboard */,
				A297EA181FD7D9DC004FA60B /* main.m */,
			);
			path = Multilingual;
			sourceTree = "<group>";
		};
		A297EA211FD7D9DC004FA60B /* MultilingualTests */ = {
			isa = PBXGroup;
			children = (
				A297EA221FD7D9DC004FA60B /* MultilingualTests.m */,
				A297EA241FD7D9DC004FA60B /* Info.plist */,
			);
			path = MultilingualTests;
			sourceTree = "<group>";
		};
		A297EA2C1FD7D9DC004FA60B /* MultilingualUITests */ = {
			isa = PBXGroup;
			children = (
				A297EA2D1FD7D9DC004FA60B /* MultilingualUITests.m */,
				A297EA2F1FD7D9DC004FA60B /* Info.plist */,
			);
			path = MultilingualUITests;
			sourceTree = "<group>";
		};
/* End PBXGroup section */

/* Begin PBXNativeTarget section */
		A297EA051FD7D9DC004FA60B /* Multilingual */ = {
			isa = PBXNativeTarget;
			buildConfigurationList = A297EA321FD7D9DC004FA60B /* Build configuration list for PBXNativeTarget "Multilingual" */;
			buildPhases = (
				A297EA021FD7D9DC004FA60B /* Sources */,
				A297EA031FD7D9DC004FA60B /* Frameworks */,
				A297EA041FD7D9DC004FA60B /* Resources */,
			);
			buildRules = (
			);
			dependencies = (
			);
			name = Multilingual;
			productName = Multilingual;
			productReference = A297EA061FD7D9DC004FA60B /* Multilingual.app */;
			productType = "com.apple.product-type.application";
		};
		A297EA1D1FD7D9DC004FA60B /* MultilingualTests */ = {
			isa = PBXNativeTarget;
			buildConfigurationList = A297EA351FD7D9DC004FA60B /* Build configuration list for PBXNativeTarget "MultilingualTests" */;
			buildPhases = (
				A297EA1A1FD7D9DC004FA60B /* Sources */,
				A297EA1B1FD7D9DC004FA60B /* Frameworks */,
				A297EA1C1FD7D9DC004FA60B /* Resources */,
			);
			buildRules = (
			);
			dependencies = (
				A297EA201FD7D9DC004FA60B /* PBXTargetDependency */,
			);
			name = MultilingualTests;
			productName = MultilingualTests;
			productReference = A297EA1E1FD7D9DC004FA60B /* MultilingualTests.xctest */;
			productType = "com.apple.product-type.bundle.unit-test";
		};
		A297EA281FD7D9DC004FA60B /* MultilingualUITests */ = {
			isa = PBXNativeTarget;
			buildConfigurationList = A297EA381FD7D9DC004FA60B /* Build configuration list for PBXNativeTarget "MultilingualUITests" */;
			buildPhases = (
				A297EA251FD7D9DC004FA60B /* Sources */,
				A297EA261FD7D9DC004FA60B /* Frameworks */,
				A297EA271FD7D9DC004FA60B /* Resources */,
			);
			buildRules = (
			);
			dependencies = (
				A297EA2B1FD7D9DC004FA60B /* PBXTargetDependency */,
			);
			name = MultilingualUITests;
			productName = MultilingualUITests;
			productReference = A297EA291FD7D9DC004FA60B /* MultilingualUITests.xctest */;
			productType = "com.apple.product-type.bundle.ui-testing";
		};
/* End PBXNativeTarget section */

/* Begin PBXProject section */
		A297E9FE1FD7D9DC004FA60B /* Project object */ = {
			isa = PBXProject;
			attributes = {
				LastUpgradeCheck = 0910;
				ORGANIZATIONNAME = StarHui;
				TargetAttributes = {
					A297EA051FD7D9DC004FA60B = {
						CreatedOnToolsVersion = 9.1;
						ProvisioningStyle = Automatic;
					};
					A297EA1D1FD7D9DC004FA60B = {
						CreatedOnToolsVersion = 9.1;
						ProvisioningStyle = Automatic;
						TestTargetID = A297EA051FD7D9DC004FA60B;
					};
					A297EA281FD7D9DC004FA60B = {
						CreatedOnToolsVersion = 9.1;
						ProvisioningStyle = Automatic;
						TestTargetID = A297EA051FD7D9DC004FA60B;
					};
				};
			};
			buildConfigurationList = A297EA011FD7D9DC004FA60B /* Build configuration list for PBXProject "Multilingual" */;
			compatibilityVersion = "Xcode 8.0";
			developmentRegion = en;
			hasScannedForEncodings = 0;
			knownRegions = (
				Base,
				"zh-Hans",
				"zh-Hant",
				en,
			);
			mainGroup = A297E9FD1FD7D9DC004FA60B;
			productRefGroup = A297EA071FD7D9DC004FA60B /* Products */;
			projectDirPath = "";
			projectRoot = "";
			targets = (
				A297EA051FD7D9DC004FA60B /* Multilingual */,
				A297EA1D1FD7D9DC004FA60B /* MultilingualTests */,
				A297EA281FD7D9DC004FA60B /* MultilingualUITests */,
			);
		};
/* End PBXProject section */

/* Begin PBXResourcesBuildPhase section */
		A297EA041FD7D9DC004FA60B /* Resources */ = {
			isa = PBXResourcesBuildPhase;
			buildActionMask = 2147483647;
			files = (
				A297EA161FD7D9DC004FA60B /* LaunchScreen.storyboard in Resources */,
				A269928E1FD94D9B00E5542C /* InfoPlist.strings in Resources */,
				A26992921FD94E2A00E5542C /* Info.plist in Resources */,
				A269928D1FD94D9B00E5542C /* Localizable.strings in Resources */,
				A297EA111FD7D9DC004FA60B /* Main.storyboard in Resources */,
				A269928F1FD94D9B00E5542C /* Assets.xcassets in Resources */,
			);
			runOnlyForDeploymentPostprocessing = 0;
		};
		A297EA1C1FD7D9DC004FA60B /* Resources */ = {
			isa = PBXResourcesBuildPhase;
			buildActionMask = 2147483647;
			files = (
			);
			runOnlyForDeploymentPostprocessing = 0;
		};
		A297EA271FD7D9DC004FA60B /* Resources */ = {
			isa = PBXResourcesBuildPhase;
			buildActionMask = 2147483647;
			files = (
			);
			runOnlyForDeploymentPostprocessing = 0;
		};
/* End PBXResourcesBuildPhase section */

/* Begin PBXSourcesBuildPhase section */
		A297EA021FD7D9DC004FA60B /* Sources */ = {
			isa = PBXSourcesBuildPhase;
			buildActionMask = 2147483647;
			files = (
				A291BF041FD91269009233C9 /* SecondViewController.m in Sources */,
				A297EA0E1FD7D9DC004FA60B /* ViewController.m in Sources */,
				A297EA191FD7D9DC004FA60B /* main.m in Sources */,
				A297EA0B1FD7D9DC004FA60B /* AppDelegate.m in Sources */,
				A269927B1FD94D0100E5542C /* STLanguageTool.m in Sources */,
			);
			runOnlyForDeploymentPostprocessing = 0;
		};
		A297EA1A1FD7D9DC004FA60B /* Sources */ = {
			isa = PBXSourcesBuildPhase;
			buildActionMask = 2147483647;
			files = (
				A297EA231FD7D9DC004FA60B /* MultilingualTests.m in Sources */,
			);
			runOnlyForDeploymentPostprocessing = 0;
		};
		A297EA251FD7D9DC004FA60B /* Sources */ = {
			isa = PBXSourcesBuildPhase;
			buildActionMask = 2147483647;
			files = (
				A297EA2E1FD7D9DC004FA60B /* MultilingualUITests.m in Sources */,
			);
			runOnlyForDeploymentPostprocessing = 0;
		};
/* End PBXSourcesBuildPhase section */

/* Begin PBXTargetDependency section */
		A297EA201FD7D9DC004FA60B /* PBXTargetDependency */ = {
			isa = PBXTargetDependency;
			target = A297EA051FD7D9DC004FA60B /* Multilingual */;
			targetProxy = A297EA1F1FD7D9DC004FA60B /* PBXContainerItemProxy */;
		};
		A297EA2B1FD7D9DC004FA60B /* PBXTargetDependency */ = {
			isa = PBXTargetDependency;
			target = A297EA051FD7D9DC004FA60B /* Multilingual */;
			targetProxy = A297EA2A1FD7D9DC004FA60B /* PBXContainerItemProxy */;
		};
/* End PBXTargetDependency section */

/* Begin PBXVariantGroup section */
		A26992831FD94D9B00E5542C /* Localizable.strings */ = {
			isa = PBXVariantGroup;
			children = (
				A26992841FD94D9B00E5542C /* zh-Hans */,
				A26992871FD94D9B00E5542C /* en */,
				A269928A1FD94D9B00E5542C /* zh-Hant */,
			);
			name = Localizable.strings;
			sourceTree = "<group>";
		};
		A26992851FD94D9B00E5542C /* InfoPlist.strings */ = {
			isa = PBXVariantGroup;
			children = (
				A26992861FD94D9B00E5542C /* zh-Hans */,
				A26992881FD94D9B00E5542C /* en */,
				A269928B1FD94D9B00E5542C /* zh-Hant */,
			);
			name = InfoPlist.strings;
			sourceTree = "<group>";
		};
		A297EA0F1FD7D9DC004FA60B /* Main.storyboard */ = {
			isa = PBXVariantGroup;
			children = (
				A297EA101FD7D9DC004FA60B /* Base */,
			);
			name = Main.storyboard;
			sourceTree = "<group>";
		};
		A297EA141FD7D9DC004FA60B /* LaunchScreen.storyboard */ = {
			isa = PBXVariantGroup;
			children = (
				A297EA151FD7D9DC004FA60B /* Base */,
			);
			name = LaunchScreen.storyboard;
			sourceTree = "<group>";
		};
/* End PBXVariantGroup section */

/* Begin XCBuildConfiguration section */
		A297EA301FD7D9DC004FA60B /* Debug */ = {
			isa = XCBuildConfiguration;
			buildSettings = {
				ALWAYS_SEARCH_USER_PATHS = NO;
				CLANG_ANALYZER_LOCALIZABILITY_NONLOCALIZED = YES;
				CLANG_ANALYZER_NONNULL = YES;
				CLANG_ANALYZER_NUMBER_OBJECT_CONVERSION = YES_AGGRESSIVE;
				CLANG_CXX_LANGUAGE_STANDARD = "gnu++14";
				CLANG_CXX_LIBRARY = "libc++";
				CLANG_ENABLE_MODULES = YES;
				CLANG_ENABLE_OBJC_ARC = YES;
				CLANG_WARN_BLOCK_CAPTURE_AUTORELEASING = YES;
				CLANG_WARN_BOOL_CONVERSION = YES;
				CLANG_WARN_COMMA = YES;
				CLANG_WARN_CONSTANT_CONVERSION = YES;
				CLANG_WARN_DIRECT_OBJC_ISA_USAGE = YES_ERROR;
				CLANG_WARN_DOCUMENTATION_COMMENTS = YES;
				CLANG_WARN_EMPTY_BODY = YES;
				CLANG_WARN_ENUM_CONVERSION = YES;
				CLANG_WARN_INFINITE_RECURSION = YES;
				CLANG_WARN_INT_CONVERSION = YES;
				CLANG_WARN_NON_LITERAL_NULL_CONVERSION = YES;
				CLANG_WARN_OBJC_LITERAL_CONVERSION = YES;
				CLANG_WARN_OBJC_ROOT_CLASS = YES_ERROR;
				CLANG_WARN_RANGE_LOOP_ANALYSIS = YES;
				CLANG_WARN_STRICT_PROTOTYPES = YES;
				CLANG_WARN_SUSPICIOUS_MOVE = YES;
				CLANG_WARN_UNGUARDED_AVAILABILITY = YES_AGGRESSIVE;
				CLANG_WARN_UNREACHABLE_CODE = YES;
				CLANG_WARN__DUPLICATE_METHOD_MATCH = YES;
				CODE_SIGN_IDENTITY = "iPhone Developer";
				COPY_PHASE_STRIP = NO;
				DEBUG_INFORMATION_FORMAT = dwarf;
				ENABLE_STRICT_OBJC_MSGSEND = YES;
				ENABLE_TESTABILITY = YES;
				GCC_C_LANGUAGE_STANDARD = gnu11;
				GCC_DYNAMIC_NO_PIC = NO;
				GCC_NO_COMMON_BLOCKS = YES;
				GCC_OPTIMIZATION_LEVEL = 0;
				GCC_PREPROCESSOR_DEFINITIONS = (
					"DEBUG=1",
					"$(inherited)",
				);
				GCC_WARN_64_TO_32_BIT_CONVERSION = YES;
				GCC_WARN_ABOUT_RETURN_TYPE = YES_ERROR;
				GCC_WARN_UNDECLARED_SELECTOR = YES;
				GCC_WARN_UNINITIALIZED_AUTOS = YES_AGGRESSIVE;
				GCC_WARN_UNUSED_FUNCTION = YES;
				GCC_WARN_UNUSED_VARIABLE = YES;
				IPHONEOS_DEPLOYMENT_TARGET = 11.1;
				MTL_ENABLE_DEBUG_INFO = YES;
				ONLY_ACTIVE_ARCH = YES;
				SDKROOT = iphoneos;
			};
			name = Debug;
		};
		A297EA311FD7D9DC004FA60B /* Release */ = {
			isa = XCBuildConfiguration;
			buildSettings = {
				ALWAYS_SEARCH_USER_PATHS = NO;
				CLANG_ANALYZER_LOCALIZABILITY_NONLOCALIZED = YES;
				CLANG_ANALYZER_NONNULL = YES;
				CLANG_ANALYZER_NUMBER_OBJECT_CONVERSION = YES_AGGRESSIVE;
				CLANG_CXX_LANGUAGE_STANDARD = "gnu++14";
				CLANG_CXX_LIBRARY = "libc++";
				CLANG_ENABLE_MODULES = YES;
				CLANG_ENABLE_OBJC_ARC = YES;
				CLANG_WARN_BLOCK_CAPTURE_AUTORELEASING = YES;
				CLANG_WARN_BOOL_CONVERSION = YES;
				CLANG_WARN_COMMA = YES;
				CLANG_WARN_CONSTANT_CONVERSION = YES;
				CLANG_WARN_DIRECT_OBJC_ISA_USAGE = YES_ERROR;
				CLANG_WARN_DOCUMENTATION_COMMENTS = YES;
				CLANG_WARN_EMPTY_BODY = YES;
				CLANG_WARN_ENUM_CONVERSION = YES;
				CLANG_WARN_INFINITE_RECURSION = YES;
				CLANG_WARN_INT_CONVERSION = YES;
				CLANG_WARN_NON_LITERAL_NULL_CONVERSION = YES;
				CLANG_WARN_OBJC_LITERAL_CONVERSION = YES;
				CLANG_WARN_OBJC_ROOT_CLASS = YES_ERROR;
				CLANG_WARN_RANGE_LOOP_ANALYSIS = YES;
				CLANG_WARN_STRICT_PROTOTYPES = YES;
				CLANG_WARN_SUSPICIOUS_MOVE = YES;
				CLANG_WARN_UNGUARDED_AVAILABILITY = YES_AGGRESSIVE;
				CLANG_WARN_UNREACHABLE_CODE = YES;
				CLANG_WARN__DUPLICATE_METHOD_MATCH = YES;
				CODE_SIGN_IDENTITY = "iPhone Developer";
				COPY_PHASE_STRIP = NO;
				DEBUG_INFORMATION_FORMAT = "dwarf-with-dsym";
				ENABLE_NS_ASSERTIONS = NO;
				ENABLE_STRICT_OBJC_MSGSEND = YES;
				GCC_C_LANGUAGE_STANDARD = gnu11;
				GCC_NO_COMMON_BLOCKS = YES;
				GCC_WARN_64_TO_32_BIT_CONVERSION = YES;
				GCC_WARN_ABOUT_RETURN_TYPE = YES_ERROR;
				GCC_WARN_UNDECLARED_SELECTOR = YES;
				GCC_WARN_UNINITIALIZED_AUTOS = YES_AGGRESSIVE;
				GCC_WARN_UNUSED_FUNCTION = YES;
				GCC_WARN_UNUSED_VARIABLE = YES;
				IPHONEOS_DEPLOYMENT_TARGET = 11.1;
				MTL_ENABLE_DEBUG_INFO = NO;
				SDKROOT = iphoneos;
				VALIDATE_PRODUCT = YES;
			};
			name = Release;
		};
		A297EA331FD7D9DC004FA60B /* Debug */ = {
			isa = XCBuildConfiguration;
			buildSettings = {
				ASSETCATALOG_COMPILER_APPICON_NAME = AppIcon;
				CODE_SIGN_STYLE = Automatic;
				DEVELOPMENT_TEAM = 3BQKTFNH68;
				INFOPLIST_FILE = Multilingual/Info.plist;
				LD_RUNPATH_SEARCH_PATHS = "$(inherited) @executable_path/Frameworks";
				PRODUCT_BUNDLE_IDENTIFIER = StarHui.Multilingual;
				PRODUCT_NAME = "$(TARGET_NAME)";
				TARGETED_DEVICE_FAMILY = "1,2";
			};
			name = Debug;
		};
		A297EA341FD7D9DC004FA60B /* Release */ = {
			isa = XCBuildConfiguration;
			buildSettings = {
				ASSETCATALOG_COMPILER_APPICON_NAME = AppIcon;
				CODE_SIGN_STYLE = Automatic;
				DEVELOPMENT_TEAM = 3BQKTFNH68;
				INFOPLIST_FILE = Multilingual/Info.plist;
				LD_RUNPATH_SEARCH_PATHS = "$(inherited) @executable_path/Frameworks";
				PRODUCT_BUNDLE_IDENTIFIER = StarHui.Multilingual;
				PRODUCT_NAME = "$(TARGET_NAME)";
				TARGETED_DEVICE_FAMILY = "1,2";
			};
			name = Release;
		};
		A297EA361FD7D9DC004FA60B /* Debug */ = {
			isa = XCBuildConfiguration;
			buildSettings = {
				BUNDLE_LOADER = "$(TEST_HOST)";
				CODE_SIGN_STYLE = Automatic;
				DEVELOPMENT_TEAM = 3BQKTFNH68;
				INFOPLIST_FILE = MultilingualTests/Info.plist;
				LD_RUNPATH_SEARCH_PATHS = "$(inherited) @executable_path/Frameworks @loader_path/Frameworks";
				PRODUCT_BUNDLE_IDENTIFIER = StarHui.MultilingualTests;
				PRODUCT_NAME = "$(TARGET_NAME)";
				TARGETED_DEVICE_FAMILY = "1,2";
				TEST_HOST = "$(BUILT_PRODUCTS_DIR)/Multilingual.app/Multilingual";
			};
			name = Debug;
		};
		A297EA371FD7D9DC004FA60B /* Release */ = {
			isa = XCBuildConfiguration;
			buildSettings = {
				BUNDLE_LOADER = "$(TEST_HOST)";
				CODE_SIGN_STYLE = Automatic;
				DEVELOPMENT_TEAM = 3BQKTFNH68;
				INFOPLIST_FILE = MultilingualTests/Info.plist;
				LD_RUNPATH_SEARCH_PATHS = "$(inherited) @executable_path/Frameworks @loader_path/Frameworks";
				PRODUCT_BUNDLE_IDENTIFIER = StarHui.MultilingualTests;
				PRODUCT_NAME = "$(TARGET_NAME)";
				TARGETED_DEVICE_FAMILY = "1,2";
				TEST_HOST = "$(BUILT_PRODUCTS_DIR)/Multilingual.app/Multilingual";
			};
			name = Release;
		};
		A297EA391FD7D9DC004FA60B /* Debug */ = {
			isa = XCBuildConfiguration;
			buildSettings = {
				CODE_SIGN_STYLE = Automatic;
				DEVELOPMENT_TEAM = 3BQKTFNH68;
				INFOPLIST_FILE = MultilingualUITests/Info.plist;
				LD_RUNPATH_SEARCH_PATHS = "$(inherited) @executable_path/Frameworks @loader_path/Frameworks";
				PRODUCT_BUNDLE_IDENTIFIER = StarHui.MultilingualUITests;
				PRODUCT_NAME = "$(TARGET_NAME)";
				TARGETED_DEVICE_FAMILY = "1,2";
				TEST_TARGET_NAME = Multilingual;
			};
			name = Debug;
		};
		A297EA3A1FD7D9DC004FA60B /* Release */ = {
			isa = XCBuildConfiguration;
			buildSettings = {
				CODE_SIGN_STYLE = Automatic;
				DEVELOPMENT_TEAM = 3BQKTFNH68;
				INFOPLIST_FILE = MultilingualUITests/Info.plist;
				LD_RUNPATH_SEARCH_PATHS = "$(inherited) @executable_path/Frameworks @loader_path/Frameworks";
				PRODUCT_BUNDLE_IDENTIFIER = StarHui.MultilingualUITests;
				PRODUCT_NAME = "$(TARGET_NAME)";
				TARGETED_DEVICE_FAMILY = "1,2";
				TEST_TARGET_NAME = Multilingual;
			};
			name = Release;
		};
/* End XCBuildConfiguration section */

/* Begin XCConfigurationList section */
		A297EA011FD7D9DC004FA60B /* Build configuration list for PBXProject "Multilingual" */ = {
			isa = XCConfigurationList;
			buildConfigurations = (
				A297EA301FD7D9DC004FA60B /* Debug */,
				A297EA311FD7D9DC004FA60B /* Release */,
			);
			defaultConfigurationIsVisible = 0;
			defaultConfigurationName = Release;
		};
		A297EA321FD7D9DC004FA60B /* Build configuration list for PBXNativeTarget "Multilingual" */ = {
			isa = XCConfigurationList;
			buildConfigurations = (
				A297EA331FD7D9DC004FA60B /* Debug */,
				A297EA341FD7D9DC004FA60B /* Release */,
			);
			defaultConfigurationIsVisible = 0;
			defaultConfigurationName = Release;
		};
		A297EA351FD7D9DC004FA60B /* Build configuration list for PBXNativeTarget "MultilingualTests" */ = {
			isa = XCConfigurationList;
			buildConfigurations = (
				A297EA361FD7D9DC004FA60B /* Debug */,
				A297EA371FD7D9DC004FA60B /* Release */,
			);
			defaultConfigurationIsVisible = 0;
			defaultConfigurationName = Release;
		};
		A297EA381FD7D9DC004FA60B /* Build configuration list for PBXNativeTarget "MultilingualUITests" */ = {
			isa = XCConfigurationList;
			buildConfigurations = (
				A297EA391FD7D9DC004FA60B /* Debug */,
				A297EA3A1FD7D9DC004FA60B /* Release */,
			);
			defaultConfigurationIsVisible = 0;
			defaultConfigurationName = Release;
		};
/* End XCConfigurationList section */
	};
	rootObject = A297E9FE1FD7D9DC004FA60B /* Project object */;
}
